
Microsoft Visual Studio Solution File, Format Version 12.00
# Visual Studio Version 17
VisualStudioVersion = 17.13.35919.96 d17.13
MinimumVisualStudioVersion = 10.0.40219.1
Project("{FAE04EC0-301F-11D3-BF4B-00C04F79EFBC}") = "FizzBuzz.CodingTest", "FizzBuzz.CodingTest\FizzBuzz.CodingTest.csproj", "{633713B3-42FB-4B3D-B6D9-C625C914A0DC}"
EndProject
Project("{FAE04EC0-301F-11D3-BF4B-00C04F79EFBC}") = "FizzBuzz.CodingTest.Tests", "FizzBuzz.CodingTest.Tests\FizzBuzz.CodingTest.Tests.csproj", "{73D0BF8D-D4CD-4C26-AA5B-21C71F6EB6AD}"
EndProject
Global
	GlobalSection(SolutionConfigurationPlatforms) = preSolution
		Debug|Any CPU = Debug|Any CPU
		Release|Any CPU = Release|Any CPU
	EndGlobalSection
	GlobalSection(ProjectConfigurationPlatforms) = postSolution
		{633713B3-42FB-4B3D-B6D9-C625C914A0DC}.Debug|Any CPU.ActiveCfg = Debug|Any CPU
		{633713B3-42FB-4B3D-B6D9-C625C914A0DC}.Debug|Any CPU.Build.0 = Debug|Any CPU
		{633713B3-42FB-4B3D-B6D9-C625C914A0DC}.Release|Any CPU.ActiveCfg = Release|Any CPU
		{633713B3-42FB-4B3D-B6D9-C625C914A0DC}.Release|Any CPU.Build.0 = Release|Any CPU
		{73D0BF8D-D4CD-4C26-AA5B-21C71F6EB6AD}.Debug|Any CPU.ActiveCfg = Debug|Any CPU
		{73D0BF8D-D4CD-4C26-AA5B-21C71F6EB6AD}.Debug|Any CPU.Build.0 = Debug|Any CPU
		{73D0BF8D-D4CD-4C26-AA5B-21C71F6EB6AD}.Release|Any CPU.ActiveCfg = Release|Any CPU
		{73D0BF8D-D4CD-4C26-AA5B-21C71F6EB6AD}.Release|Any CPU.Build.0 = Release|Any CPU
	EndGlobalSection
	GlobalSection(SolutionProperties) = preSolution
		HideSolutionNode = FALSE
	EndGlobalSection
	GlobalSection(ExtensibilityGlobals) = postSolution
		SolutionGuid = {A41FE7B4-BEEC-4B5B-8C9E-6394A9DEBE1D}
	EndGlobalSection
EndGlobal
